// !$*UTF8*$!
{
	archiveVersion = 1;
	classes = {
	};
	objectVersion = 56;
	objects = {

/* Begin PBXBuildFile section */
		719BBCBE3D162B6139757B54 /* Pods_Myntra.framework in Frameworks */ = {isa = PBXBuildFile; fileRef = 15C8FD2A565DDB91469D56B8 /* Pods_Myntra.framework */; };
		B63777A82C369D0E000FC1DF /* MDemo.swift in Sources */ = {isa = PBXBuildFile; fileRef = B63777A72C369D0D000FC1DF /* MDemo.swift */; };
		B67BB29C2C33B097007204BE /* Home_p.swift in Sources */ = {isa = PBXBuildFile; fileRef = B67BB29B2C33B097007204BE /* Home_p.swift */; };
		B6A22F1C2C2D59A70072EAF0 /* model.swift in Sources */ = {isa = PBXBuildFile; fileRef = B6A22F1B2C2D59A70072EAF0 /* model.swift */; };
		B6A63F7B2C1BF0E20013281F /* collection_view_cell.swift in Sources */ = {isa = PBXBuildFile; fileRef = B6A63F792C1BF0E20013281F /* collection_view_cell.swift */; };
		B6A63F7C2C1BF0E20013281F /* collection_view_cell.xib in Resources */ = {isa = PBXBuildFile; fileRef = B6A63F7A2C1BF0E20013281F /* collection_view_cell.xib */; };
		B6B6DCCC2C3663DE003A50B7 /* list.json in Resources */ = {isa = PBXBuildFile; fileRef = B6B6DCCB2C3663DE003A50B7 /* list.json */; };
		B6BA112E2C194C3300AD615C /* AppDelegate.swift in Sources */ = {isa = PBXBuildFile; fileRef = B6BA112D2C194C3300AD615C /* AppDelegate.swift */; };
		B6BA11302C194C3300AD615C /* SceneDelegate.swift in Sources */ = {isa = PBXBuildFile; fileRef = B6BA112F2C194C3300AD615C /* SceneDelegate.swift */; };
		B6BA11352C194C3300AD615C /* Base in Resources */ = {isa = PBXBuildFile; fileRef = B6BA11342C194C3300AD615C /* Base */; };
		B6BA11372C194C3500AD615C /* Assets.xcassets in Resources */ = {isa = PBXBuildFile; fileRef = B6BA11362C194C3500AD615C /* Assets.xcassets */; };
		B6BA113A2C194C3500AD615C /* Base in Resources */ = {isa = PBXBuildFile; fileRef = B6BA11392C194C3500AD615C /* Base */; };
/* End PBXBuildFile section */

/* Begin PBXFileReference section */
		15C8FD2A565DDB91469D56B8 /* Pods_Myntra.framework */ = {isa = PBXFileReference; explicitFileType = wrapper.framework; includeInIndex = 0; path = Pods_Myntra.framework; sourceTree = BUILT_PRODUCTS_DIR; };
		487319AB7FEA9671326EF95B /* Pods-Myntra.release.xcconfig */ = {isa = PBXFileReference; includeInIndex = 1; lastKnownFileType = text.xcconfig; name = "Pods-Myntra.release.xcconfig"; path = "Target Support Files/Pods-Myntra/Pods-Myntra.release.xcconfig"; sourceTree = "<group>"; };
		79677F6594545FEE62AE8B13 /* Pods-Myntra.debug.xcconfig */ = {isa = PBXFileReference; includeInIndex = 1; lastKnownFileType = text.xcconfig; name = "Pods-Myntra.debug.xcconfig"; path = "Target Support Files/Pods-Myntra/Pods-Myntra.debug.xcconfig"; sourceTree = "<group>"; };
		B63777A72C369D0D000FC1DF /* MDemo.swift */ = {isa = PBXFileReference; fileEncoding = 4; lastKnownFileType = sourcecode.swift; path = MDemo.swift; sourceTree = "<group>"; };
		B67BB29B2C33B097007204BE /* Home_p.swift */ = {isa = PBXFileReference; fileEncoding = 4; lastKnownFileType = sourcecode.swift; path = Home_p.swift; sourceTree = "<group>"; };
		B6A22F1B2C2D59A70072EAF0 /* model.swift */ = {isa = PBXFileReference; lastKnownFileType = sourcecode.swift; path = model.swift; sourceTree = "<group>"; };
		B6A63F792C1BF0E20013281F /* collection_view_cell.swift */ = {isa = PBXFileReference; lastKnownFileType = sourcecode.swift; path = collection_view_cell.swift; sourceTree = "<group>"; };
		B6A63F7A2C1BF0E20013281F /* collection_view_cell.xib */ = {isa = PBXFileReference; lastKnownFileType = file.xib; path = collection_view_cell.xib; sourceTree = "<group>"; };
		B6B6DCCB2C3663DE003A50B7 /* list.json */ = {isa = PBXFileReference; fileEncoding = 4; lastKnownFileType = text.json; path = list.json; sourceTree = "<group>"; };
		B6BA112A2C194C3300AD615C /* Myntra.app */ = {isa = PBXFileReference; explicitFileType = wrapper.application; includeInIndex = 0; path = Myntra.app; sourceTree = BUILT_PRODUCTS_DIR; };
		B6BA112D2C194C3300AD615C /* AppDelegate.swift */ = {isa = PBXFileReference; lastKnownFileType = sourcecode.swift; path = AppDelegate.swift; sourceTree = "<group>"; };
		B6BA112F2C194C3300AD615C /* SceneDelegate.swift */ = {isa = PBXFileReference; lastKnownFileType = sourcecode.swift; path = SceneDelegate.swift; sourceTree = "<group>"; };
		B6BA11342C194C3300AD615C /* Base */ = {isa = PBXFileReference; lastKnownFileType = file.storyboard; name = Base; path = Base.lproj/Home.storyboard; sourceTree = "<group>"; };
		B6BA11362C194C3500AD615C /* Assets.xcassets */ = {isa = PBXFileReference; lastKnownFileType = folder.assetcatalog; path = Assets.xcassets; sourceTree = "<group>"; };
		B6BA11392C194C3500AD615C /* Base */ = {isa = PBXFileReference; lastKnownFileType = file.storyboard; name = Base; path = Base.lproj/LaunchScreen.storyboard; sourceTree = "<group>"; };
		B6BA113B2C194C3500AD615C /* Info.plist */ = {isa = PBXFileReference; lastKnownFileType = text.plist.xml; path = Info.plist; sourceTree = "<group>"; };
/* End PBXFileReference section */

/* Begin PBXFrameworksBuildPhase section */
		B6BA11272C194C3300AD615C /* Frameworks */ = {
			isa = PBXFrameworksBuildPhase;
			buildActionMask = 2147483647;
			files = (
				719BBCBE3D162B6139757B54 /* Pods_Myntra.framework in Frameworks */,
			);
			runOnlyForDeploymentPostprocessing = 0;
		};
/* End PBXFrameworksBuildPhase section */

/* Begin PBXGroup section */
		801AFBCD37EE18D71EFEFD60 /* Frameworks */ = {
			isa = PBXGroup;
			children = (
				15C8FD2A565DDB91469D56B8 /* Pods_Myntra.framework */,
			);
			name = Frameworks;
			sourceTree = "<group>";
		};
		B6BA11212C194C3300AD615C = {
			isa = PBXGroup;
			children = (
				B6BA112C2C194C3300AD615C /* Myntra */,
				B6BA112B2C194C3300AD615C /* Products */,
				BDB4C5361CE881E6D23EE546 /* Pods */,
				801AFBCD37EE18D71EFEFD60 /* Frameworks */,
			);
			sourceTree = "<group>";
		};
		B6BA112B2C194C3300AD615C /* Products */ = {
			isa = PBXGroup;
			children = (
				B6BA112A2C194C3300AD615C /* Myntra.app */,
			);
			name = Products;
			sourceTree = "<group>";
		};
		B6BA112C2C194C3300AD615C /* Myntra */ = {
			isa = PBXGroup;
			children = (
				B6BA112D2C194C3300AD615C /* AppDelegate.swift */,
				B67BB29B2C33B097007204BE /* Home_p.swift */,
				B6BA112F2C194C3300AD615C /* SceneDelegate.swift */,
				B6BA11332C194C3300AD615C /* Home.storyboard */,
				B6BA11362C194C3500AD615C /* Assets.xcassets */,
				B6BA11382C194C3500AD615C /* LaunchScreen.storyboard */,
				B6BA113B2C194C3500AD615C /* Info.plist */,
				B6A63F792C1BF0E20013281F /* collection_view_cell.swift */,
				B6A63F7A2C1BF0E20013281F /* collection_view_cell.xib */,
				B6A22F1B2C2D59A70072EAF0 /* model.swift */,
				B63777A72C369D0D000FC1DF /* MDemo.swift */,
				B6B6DCCB2C3663DE003A50B7 /* list.json */,
			);
			path = Myntra;
			sourceTree = "<group>";
		};
		BDB4C5361CE881E6D23EE546 /* Pods */ = {
			isa = PBXGroup;
			children = (
				79677F6594545FEE62AE8B13 /* Pods-Myntra.debug.xcconfig */,
				487319AB7FEA9671326EF95B /* Pods-Myntra.release.xcconfig */,
			);
			path = Pods;
			sourceTree = "<group>";
		};
/* End PBXGroup section */

/* Begin PBXNativeTarget section */
		B6BA11292C194C3300AD615C /* Myntra */ = {
			isa = PBXNativeTarget;
			buildConfigurationList = B6BA113E2C194C3500AD615C /* Build configuration list for PBXNativeTarget "Myntra" */;
			buildPhases = (
				3F9C84725BF4AD39CA9F85FF /* [CP] Check Pods Manifest.lock */,
				B6BA11262C194C3300AD615C /* Sources */,
				B6BA11272C194C3300AD615C /* Frameworks */,
				B6BA11282C194C3300AD615C /* Resources */,
				CC6C3C704C020D6CA3EDBB72 /* [CP] Embed Pods Frameworks */,
			);
			buildRules = (
			);
			dependencies = (
			);
			name = Myntra;
			productName = Myntra;
			productReference = B6BA112A2C194C3300AD615C /* Myntra.app */;
			productType = "com.apple.product-type.application";
		};
/* End PBXNativeTarget section */

/* Begin PBXProject section */
		B6BA11222C194C3300AD615C /* Project object */ = {
			isa = PBXProject;
			attributes = {
				BuildIndependentTargetsInParallel = 1;
				LastSwiftUpdateCheck = 1540;
				LastUpgradeCheck = 1540;
				TargetAttributes = {
					B6BA11292C194C3300AD615C = {
						CreatedOnToolsVersion = 15.4;
					};
				};
			};
			buildConfigurationList = B6BA11252C194C3300AD615C /* Build configuration list for PBXProject "Myntra" */;
			compatibilityVersion = "Xcode 14.0";
			developmentRegion = en;
			hasScannedForEncodings = 0;
			knownRegions = (
				en,
				Base,
			);
			mainGroup = B6BA11212C194C3300AD615C;
			productRefGroup = B6BA112B2C194C3300AD615C /* Products */;
			projectDirPath = "";
			projectRoot = "";
			targets = (
				B6BA11292C194C3300AD615C /* Myntra */,
			);
		};
/* End PBXProject section */

/* Begin PBXResourcesBuildPhase section */
		B6BA11282C194C3300AD615C /* Resources */ = {
			isa = PBXResourcesBuildPhase;
			buildActionMask = 2147483647;
			files = (
				B6BA11372C194C3500AD615C /* Assets.xcassets in Resources */,
				B6BA113A2C194C3500AD615C /* Base in Resources */,
				B6A63F7C2C1BF0E20013281F /* collection_view_cell.xib in Resources */,
				B6B6DCCC2C3663DE003A50B7 /* list.json in Resources */,
				B6BA11352C194C3300AD615C /* Base in Resources */,
			);
			runOnlyForDeploymentPostprocessing = 0;
		};
/* End PBXResourcesBuildPhase section */

/* Begin PBXShellScriptBuildPhase section */
		3F9C84725BF4AD39CA9F85FF /* [CP] Check Pods Manifest.lock */ = {
			isa = PBXShellScriptBuildPhase;
			buildActionMask = 2147483647;
			files = (
			);
			inputFileListPaths = (
			);
			inputPaths = (
				"${PODS_PODFILE_DIR_PATH}/Podfile.lock",
				"${PODS_ROOT}/Manifest.lock",
			);
			name = "[CP] Check Pods Manifest.lock";
			outputFileListPaths = (
			);
			outputPaths = (
				"$(DERIVED_FILE_DIR)/Pods-Myntra-checkManifestLockResult.txt",
			);
			runOnlyForDeploymentPostprocessing = 0;
			shellPath = /bin/sh;
			shellScript = "diff \"${PODS_PODFILE_DIR_PATH}/Podfile.lock\" \"${PODS_ROOT}/Manifest.lock\" > /dev/null\nif [ $? != 0 ] ; then\n    # print error to STDERR\n    echo \"error: The sandbox is not in sync with the Podfile.lock. Run 'pod install' or update your CocoaPods installation.\" >&2\n    exit 1\nfi\n# This output is used by Xcode 'outputs' to avoid re-running this script phase.\necho \"SUCCESS\" > \"${SCRIPT_OUTPUT_FILE_0}\"\n";
			showEnvVarsInLog = 0;
		};
		CC6C3C704C020D6CA3EDBB72 /* [CP] Embed Pods Frameworks */ = {
			isa = PBXShellScriptBuildPhase;
			buildActionMask = 2147483647;
			files = (
			);
			inputFileListPaths = (
				"${PODS_ROOT}/Target Support Files/Pods-Myntra/Pods-Myntra-frameworks-${CONFIGURATION}-input-files.xcfilelist",
			);
			name = "[CP] Embed Pods Frameworks";
			outputFileListPaths = (
				"${PODS_ROOT}/Target Support Files/Pods-Myntra/Pods-Myntra-frameworks-${CONFIGURATION}-output-files.xcfilelist",
			);
			runOnlyForDeploymentPostprocessing = 0;
			shellPath = /bin/sh;
			shellScript = "\"${PODS_ROOT}/Target Support Files/Pods-Myntra/Pods-Myntra-frameworks.sh\"\n";
			showEnvVarsInLog = 0;
		};
/* End PBXShellScriptBuildPhase section */

/* Begin PBXSourcesBuildPhase section */
		B6BA11262C194C3300AD615C /* Sources */ = {
			isa = PBXSourcesBuildPhase;
			buildActionMask = 2147483647;
			files = (
				B63777A82C369D0E000FC1DF /* MDemo.swift in Sources */,
				B6A22F1C2C2D59A70072EAF0 /* model.swift in Sources */,
				B6BA112E2C194C3300AD615C /* AppDelegate.swift in Sources */,
				B6A63F7B2C1BF0E20013281F /* collection_view_cell.swift in Sources */,
				B6BA11302C194C3300AD615C /* SceneDelegate.swift in Sources */,
				B67BB29C2C33B097007204BE /* Home_p.swift in Sources */,
			);
			runOnlyForDeploymentPostprocessing = 0;
		};
/* End PBXSourcesBuildPhase section */

/* Begin PBXVariantGroup section */
		B6BA11332C194C3300AD615C /* Home.storyboard */ = {
			isa = PBXVariantGroup;
			children = (
				B6BA11342C194C3300AD615C /* Base */,
			);
			name = Home.storyboard;
			sourceTree = "<group>";
		};
		B6BA11382C194C3500AD615C /* LaunchScreen.storyboard */ = {
			isa = PBXVariantGroup;
			children = (
				B6BA11392C194C3500AD615C /* Base */,
			);
			name = LaunchScreen.storyboard;
			sourceTree = "<group>";
		};
/* End PBXVariantGroup section */

/* Begin XCBuildConfiguration section */
		B6BA113C2C194C3500AD615C /* Debug */ = {
			isa = XCBuildConfiguration;
			buildSettings = {
				ALWAYS_SEARCH_USER_PATHS = NO;
				ASSETCATALOG_COMPILER_GENERATE_SWIFT_ASSET_SYMBOL_EXTENSIONS = YES;
				CLANG_ANALYZER_NONNULL = YES;
				CLANG_ANALYZER_NUMBER_OBJECT_CONVERSION = YES_AGGRESSIVE;
				CLANG_CXX_LANGUAGE_STANDARD = "gnu++20";
				CLANG_ENABLE_MODULES = YES;
				CLANG_ENABLE_OBJC_ARC = YES;
				CLANG_ENABLE_OBJC_WEAK = YES;
				CLANG_WARN_BLOCK_CAPTURE_AUTORELEASING = YES;
				CLANG_WARN_BOOL_CONVERSION = YES;
				CLANG_WARN_COMMA = YES;
				CLANG_WARN_CONSTANT_CONVERSION = YES;
				CLANG_WARN_DEPRECATED_OBJC_IMPLEMENTATIONS = YES;
				CLANG_WARN_DIRECT_OBJC_ISA_USAGE = YES_ERROR;
				CLANG_WARN_DOCUMENTATION_COMMENTS = YES;
				CLANG_WARN_EMPTY_BODY = YES;
				CLANG_WARN_ENUM_CONVERSION = YES;
				CLANG_WARN_INFINITE_RECURSION = YES;
				CLANG_WARN_INT_CONVERSION = YES;
				CLANG_WARN_NON_LITERAL_NULL_CONVERSION = YES;
				CLANG_WARN_OBJC_IMPLICIT_RETAIN_SELF = YES;
				CLANG_WARN_OBJC_LITERAL_CONVERSION = YES;
				CLANG_WARN_OBJC_ROOT_CLASS = YES_ERROR;
				CLANG_WARN_QUOTED_INCLUDE_IN_FRAMEWORK_HEADER = YES;
				CLANG_WARN_RANGE_LOOP_ANALYSIS = YES;
				CLANG_WARN_STRICT_PROTOTYPES = YES;
				CLANG_WARN_SUSPICIOUS_MOVE = YES;
				CLANG_WARN_UNGUARDED_AVAILABILITY = YES_AGGRESSIVE;
				CLANG_WARN_UNREACHABLE_CODE = YES;
				CLANG_WARN__DUPLICATE_METHOD_MATCH = YES;
				COPY_PHASE_STRIP = NO;
				DEBUG_INFORMATION_FORMAT = dwarf;
				ENABLE_STRICT_OBJC_MSGSEND = YES;
				ENABLE_TESTABILITY = YES;
				ENABLE_USER_SCRIPT_SANDBOXING = YES;
				GCC_C_LANGUAGE_STANDARD = gnu17;
				GCC_DYNAMIC_NO_PIC = NO;
				GCC_NO_COMMON_BLOCKS = YES;
				GCC_OPTIMIZATION_LEVEL = 0;
				GCC_PREPROCESSOR_DEFINITIONS = (
					"DEBUG=1",
					"$(inherited)",
				);
				GCC_WARN_64_TO_32_BIT_CONVERSION = YES;
				GCC_WARN_ABOUT_RETURN_TYPE = YES_ERROR;
				GCC_WARN_UNDECLARED_SELECTOR = YES;
				GCC_WARN_UNINITIALIZED_AUTOS = YES_AGGRESSIVE;
				GCC_WARN_UNUSED_FUNCTION = YES;
				GCC_WARN_UNUSED_VARIABLE = YES;
				IPHONEOS_DEPLOYMENT_TARGET = 17.5;
				LOCALIZATION_PREFERS_STRING_CATALOGS = YES;
				MTL_ENABLE_DEBUG_INFO = INCLUDE_SOURCE;
				MTL_FAST_MATH = YES;
				ONLY_ACTIVE_ARCH = YES;
				SDKROOT = iphoneos;
				SWIFT_ACTIVE_COMPILATION_CONDITIONS = "DEBUG $(inherited)";
				SWIFT_OPTIMIZATION_LEVEL = "-Onone";
			};
			name = Debug;
		};
		B6BA113D2C194C3500AD615C /* Release */ = {
			isa = XCBuildConfiguration;
			buildSettings = {
				ALWAYS_SEARCH_USER_PATHS = NO;
				ASSETCATALOG_COMPILER_GENERATE_SWIFT_ASSET_SYMBOL_EXTENSIONS = YES;
				CLANG_ANALYZER_NONNULL = YES;
				CLANG_ANALYZER_NUMBER_OBJECT_CONVERSION = YES_AGGRESSIVE;
				CLANG_CXX_LANGUAGE_STANDARD = "gnu++20";
				CLANG_ENABLE_MODULES = YES;
				CLANG_ENABLE_OBJC_ARC = YES;
				CLANG_ENABLE_OBJC_WEAK = YES;
				CLANG_WARN_BLOCK_CAPTURE_AUTORELEASING = YES;
				CLANG_WARN_BOOL_CONVERSION = YES;
				CLANG_WARN_COMMA = YES;
				CLANG_WARN_CONSTANT_CONVERSION = YES;
				CLANG_WARN_DEPRECATED_OBJC_IMPLEMENTATIONS = YES;
				CLANG_WARN_DIRECT_OBJC_ISA_USAGE = YES_ERROR;
				CLANG_WARN_DOCUMENTATION_COMMENTS = YES;
				CLANG_WARN_EMPTY_BODY = YES;
				CLANG_WARN_ENUM_CONVERSION = YES;
				CLANG_WARN_INFINITE_RECURSION = YES;
				CLANG_WARN_INT_CONVERSION = YES;
				CLANG_WARN_NON_LITERAL_NULL_CONVERSION = YES;
				CLANG_WARN_OBJC_IMPLICIT_RETAIN_SELF = YES;
				CLANG_WARN_OBJC_LITERAL_CONVERSION = YES;
				CLANG_WARN_OBJC_ROOT_CLASS = YES_ERROR;
				CLANG_WARN_QUOTED_INCLUDE_IN_FRAMEWORK_HEADER = YES;
				CLANG_WARN_RANGE_LOOP_ANALYSIS = YES;
				CLANG_WARN_STRICT_PROTOTYPES = YES;
				CLANG_WARN_SUSPICIOUS_MOVE = YES;
				CLANG_WARN_UNGUARDED_AVAILABILITY = YES_AGGRESSIVE;
				CLANG_WARN_UNREACHABLE_CODE = YES;
				CLANG_WARN__DUPLICATE_METHOD_MATCH = YES;
				COPY_PHASE_STRIP = NO;
				DEBUG_INFORMATION_FORMAT = "dwarf-with-dsym";
				ENABLE_NS_ASSERTIONS = NO;
				ENABLE_STRICT_OBJC_MSGSEND = YES;
				ENABLE_USER_SCRIPT_SANDBOXING = YES;
				GCC_C_LANGUAGE_STANDARD = gnu17;
				GCC_NO_COMMON_BLOCKS = YES;
				GCC_WARN_64_TO_32_BIT_CONVERSION = YES;
				GCC_WARN_ABOUT_RETURN_TYPE = YES_ERROR;
				GCC_WARN_UNDECLARED_SELECTOR = YES;
				GCC_WARN_UNINITIALIZED_AUTOS = YES_AGGRESSIVE;
				GCC_WARN_UNUSED_FUNCTION = YES;
				GCC_WARN_UNUSED_VARIABLE = YES;
				IPHONEOS_DEPLOYMENT_TARGET = 17.5;
				LOCALIZATION_PREFERS_STRING_CATALOGS = YES;
				MTL_ENABLE_DEBUG_INFO = NO;
				MTL_FAST_MATH = YES;
				SDKROOT = iphoneos;
				SWIFT_COMPILATION_MODE = wholemodule;
				VALIDATE_PRODUCT = YES;
			};
			name = Release;
		};
		B6BA113F2C194C3500AD615C /* Debug */ = {
			isa = XCBuildConfiguration;
			baseConfigurationReference = 79677F6594545FEE62AE8B13 /* Pods-Myntra.debug.xcconfig */;
			buildSettings = {
				ASSETCATALOG_COMPILER_APPICON_NAME = AppIcon;
				ASSETCATALOG_COMPILER_GLOBAL_ACCENT_COLOR_NAME = AccentColor;
				CODE_SIGN_STYLE = Automatic;
				CURRENT_PROJECT_VERSION = 1;
				ENABLE_USER_SCRIPT_SANDBOXING = NO;
				GENERATE_INFOPLIST_FILE = YES;
				INFOPLIST_FILE = Myntra/Info.plist;
				INFOPLIST_KEY_UIApplicationSupportsIndirectInputEvents = YES;
				INFOPLIST_KEY_UILaunchStoryboardName = LaunchScreen;
				INFOPLIST_KEY_UIMainStoryboardFile = Home;
				INFOPLIST_KEY_UISupportedInterfaceOrientations_iPad = "UIInterfaceOrientationPortrait UIInterfaceOrientationPortraitUpsideDown UIInterfaceOrientationLandscapeLeft UIInterfaceOrientationLandscapeRight";
				INFOPLIST_KEY_UISupportedInterfaceOrientations_iPhone = "UIInterfaceOrientationPortrait UIInterfaceOrientationLandscapeLeft UIInterfaceOrientationLandscapeRight";
				LD_RUNPATH_SEARCH_PATHS = (
					"$(inherited)",
					"@executable_path/Frameworks",
				);
				MARKETING_VERSION = 1.0;
				PRODUCT_BUNDLE_IDENTIFIER = com.navneetmyntra.Myntra;
				PRODUCT_NAME = "$(TARGET_NAME)";
				SWIFT_EMIT_LOC_STRINGS = YES;
				SWIFT_VERSION = 5.0;
				TARGETED_DEVICE_FAMILY = "1,2";
			};
			name = Debug;
		};
		B6BA11402C194C3500AD615C /* Release */ = {
			isa = XCBuildConfiguration;
			baseConfigurationReference = 487319AB7FEA9671326EF95B /* Pods-Myntra.release.xcconfig */;
			buildSettings = {
				ASSETCATALOG_COMPILER_APPICON_NAME = AppIcon;
				ASSETCATALOG_COMPILER_GLOBAL_ACCENT_COLOR_NAME = AccentColor;
				CODE_SIGN_STYLE = Automatic;
				CURRENT_PROJECT_VERSION = 1;
				ENABLE_USER_SCRIPT_SANDBOXING = NO;
				GENERATE_INFOPLIST_FILE = YES;
				INFOPLIST_FILE = Myntra/Info.plist;
				INFOPLIST_KEY_UIApplicationSupportsIndirectInputEvents = YES;
				INFOPLIST_KEY_UILaunchStoryboardName = LaunchScreen;
				INFOPLIST_KEY_UIMainStoryboardFile = Home;
				INFOPLIST_KEY_UISupportedInterfaceOrientations_iPad = "UIInterfaceOrientationPortrait UIInterfaceOrientationPortraitUpsideDown UIInterfaceOrientationLandscapeLeft UIInterfaceOrientationLandscapeRight";
				INFOPLIST_KEY_UISupportedInterfaceOrientations_iPhone = "UIInterfaceOrientationPortrait UIInterfaceOrientationLandscapeLeft UIInterfaceOrientationLandscapeRight";
				LD_RUNPATH_SEARCH_PATHS = (
					"$(inherited)",
					"@executable_path/Frameworks",
				);
				MARKETING_VERSION = 1.0;
				PRODUCT_BUNDLE_IDENTIFIER = com.navneetmyntra.Myntra;
				PRODUCT_NAME = "$(TARGET_NAME)";
				SWIFT_EMIT_LOC_STRINGS = YES;
				SWIFT_VERSION = 5.0;
				TARGETED_DEVICE_FAMILY = "1,2";
			};
			name = Release;
		};
/* End XCBuildConfiguration section */

/* Begin XCConfigurationList section */
		B6BA11252C194C3300AD615C /* Build configuration list for PBXProject "Myntra" */ = {
			isa = XCConfigurationList;
			buildConfigurations = (
				B6BA113C2C194C3500AD615C /* Debug */,
				B6BA113D2C194C3500AD615C /* Release */,
			);
			defaultConfigurationIsVisible = 0;
			defaultConfigurationName = Release;
		};
		B6BA113E2C194C3500AD615C /* Build configuration list for PBXNativeTarget "Myntra" */ = {
			isa = XCConfigurationList;
			buildConfigurations = (
				B6BA113F2C194C3500AD615C /* Debug */,
				B6BA11402C194C3500AD615C /* Release */,
			);
			defaultConfigurationIsVisible = 0;
			defaultConfigurationName = Release;
		};
/* End XCConfigurationList section */
	};
	rootObject = B6BA11222C194C3300AD615C /* Project object */;
}
