// !$*UTF8*$!
{
	archiveVersion = 1;
	classes = {
	};
	objectVersion = 56;
	objects = {

/* Begin PBXBuildFile section */
		56CED4D168D5ACEB34AFA911 /* Pods_Myntra.framework in Frameworks */ = {isa = PBXBuildFile; fileRef = 8C95DAB0926546CBAE5F57D3 /* Pods_Myntra.framework */; };
		9688A7452C377FA9002D9F16 /* model.swift in Sources */ = {isa = PBXBuildFile; fileRef = 9688A7442C377FA9002D9F16 /* model.swift */; };
		969C56452C1BF6DB00C5AFDE /* TableViewCell2.swift in Sources */ = {isa = PBXBuildFile; fileRef = 969C56432C1BF6DB00C5AFDE /* TableViewCell2.swift */; };
		969C56462C1BF6DB00C5AFDE /* TableViewCell2.xib in Resources */ = {isa = PBXBuildFile; fileRef = 969C56442C1BF6DB00C5AFDE /* TableViewCell2.xib */; };
		96A708462C2938B600520C29 /* DeliveryAddress.swift in Sources */ = {isa = PBXBuildFile; fileRef = 96A708452C2938B600520C29 /* DeliveryAddress.swift */; };
		96A9CCF52C2D53D3006C3F5E /* OrderconfirmedVC.swift in Sources */ = {isa = PBXBuildFile; fileRef = 96A9CCF42C2D53D3006C3F5E /* OrderconfirmedVC.swift */; };
		96BE21CF2C194C24007D045D /* AppDelegate.swift in Sources */ = {isa = PBXBuildFile; fileRef = 96BE21CE2C194C24007D045D /* AppDelegate.swift */; };
		96BE21D12C194C24007D045D /* SceneDelegate.swift in Sources */ = {isa = PBXBuildFile; fileRef = 96BE21D02C194C24007D045D /* SceneDelegate.swift */; };
		96BE21D32C194C24007D045D /* BagVC.swift in Sources */ = {isa = PBXBuildFile; fileRef = 96BE21D22C194C24007D045D /* BagVC.swift */; };
		96BE21D62C194C24007D045D /* Base in Resources */ = {isa = PBXBuildFile; fileRef = 96BE21D52C194C24007D045D /* Base */; };
		96BE21D82C194C26007D045D /* Assets.xcassets in Resources */ = {isa = PBXBuildFile; fileRef = 96BE21D72C194C26007D045D /* Assets.xcassets */; };
		96BE21DB2C194C26007D045D /* Base in Resources */ = {isa = PBXBuildFile; fileRef = 96BE21DA2C194C26007D045D /* Base */; };
		96BE21E52C1953D3007D045D /* TableViewCell.swift in Sources */ = {isa = PBXBuildFile; fileRef = 96BE21E32C1953D3007D045D /* TableViewCell.swift */; };
		96BE21E62C1953D3007D045D /* TableViewCell.xib in Resources */ = {isa = PBXBuildFile; fileRef = 96BE21E42C1953D3007D045D /* TableViewCell.xib */; };
/* End PBXBuildFile section */

/* Begin PBXFileReference section */
		1517F352B613152C16FE07C8 /* Pods-Myntra.release.xcconfig */ = {isa = PBXFileReference; includeInIndex = 1; lastKnownFileType = text.xcconfig; name = "Pods-Myntra.release.xcconfig"; path = "Target Support Files/Pods-Myntra/Pods-Myntra.release.xcconfig"; sourceTree = "<group>"; };
		8C95DAB0926546CBAE5F57D3 /* Pods_Myntra.framework */ = {isa = PBXFileReference; explicitFileType = wrapper.framework; includeInIndex = 0; path = Pods_Myntra.framework; sourceTree = BUILT_PRODUCTS_DIR; };
		9688A7442C377FA9002D9F16 /* model.swift */ = {isa = PBXFileReference; fileEncoding = 4; lastKnownFileType = sourcecode.swift; path = model.swift; sourceTree = "<group>"; };
		969C56432C1BF6DB00C5AFDE /* TableViewCell2.swift */ = {isa = PBXFileReference; lastKnownFileType = sourcecode.swift; path = TableViewCell2.swift; sourceTree = "<group>"; };
		969C56442C1BF6DB00C5AFDE /* TableViewCell2.xib */ = {isa = PBXFileReference; lastKnownFileType = file.xib; path = TableViewCell2.xib; sourceTree = "<group>"; };
		96A708452C2938B600520C29 /* DeliveryAddress.swift */ = {isa = PBXFileReference; lastKnownFileType = sourcecode.swift; path = DeliveryAddress.swift; sourceTree = "<group>"; };
		96A9CCF42C2D53D3006C3F5E /* OrderconfirmedVC.swift */ = {isa = PBXFileReference; lastKnownFileType = sourcecode.swift; path = OrderconfirmedVC.swift; sourceTree = "<group>"; };
		96BE21CB2C194C24007D045D /* Myntra.app */ = {isa = PBXFileReference; explicitFileType = wrapper.application; includeInIndex = 0; path = Myntra.app; sourceTree = BUILT_PRODUCTS_DIR; };
		96BE21CE2C194C24007D045D /* AppDelegate.swift */ = {isa = PBXFileReference; lastKnownFileType = sourcecode.swift; path = AppDelegate.swift; sourceTree = "<group>"; };
		96BE21D02C194C24007D045D /* SceneDelegate.swift */ = {isa = PBXFileReference; lastKnownFileType = sourcecode.swift; path = SceneDelegate.swift; sourceTree = "<group>"; };
		96BE21D22C194C24007D045D /* BagVC.swift */ = {isa = PBXFileReference; lastKnownFileType = sourcecode.swift; path = BagVC.swift; sourceTree = "<group>"; };
		96BE21D52C194C24007D045D /* Base */ = {isa = PBXFileReference; lastKnownFileType = file.storyboard; name = Base; path = Base.lproj/Delivery.storyboard; sourceTree = "<group>"; };
		96BE21D72C194C26007D045D /* Assets.xcassets */ = {isa = PBXFileReference; lastKnownFileType = folder.assetcatalog; path = Assets.xcassets; sourceTree = "<group>"; };
		96BE21DA2C194C26007D045D /* Base */ = {isa = PBXFileReference; lastKnownFileType = file.storyboard; name = Base; path = Base.lproj/LaunchScreen.storyboard; sourceTree = "<group>"; };
		96BE21DC2C194C26007D045D /* Info.plist */ = {isa = PBXFileReference; lastKnownFileType = text.plist.xml; path = Info.plist; sourceTree = "<group>"; };
		96BE21E32C1953D3007D045D /* TableViewCell.swift */ = {isa = PBXFileReference; lastKnownFileType = sourcecode.swift; path = TableViewCell.swift; sourceTree = "<group>"; };
		96BE21E42C1953D3007D045D /* TableViewCell.xib */ = {isa = PBXFileReference; lastKnownFileType = file.xib; path = TableViewCell.xib; sourceTree = "<group>"; };
		B53289B6BD21A8BC08034B53 /* Pods-Myntra.debug.xcconfig */ = {isa = PBXFileReference; includeInIndex = 1; lastKnownFileType = text.xcconfig; name = "Pods-Myntra.debug.xcconfig"; path = "Target Support Files/Pods-Myntra/Pods-Myntra.debug.xcconfig"; sourceTree = "<group>"; };
/* End PBXFileReference section */

/* Begin PBXFrameworksBuildPhase section */
		96BE21C82C194C24007D045D /* Frameworks */ = {
			isa = PBXFrameworksBuildPhase;
			buildActionMask = 2147483647;
			files = (
				56CED4D168D5ACEB34AFA911 /* Pods_Myntra.framework in Frameworks */,
			);
			runOnlyForDeploymentPostprocessing = 0;
		};
/* End PBXFrameworksBuildPhase section */

/* Begin PBXGroup section */
		84D3EA31B012E4818C2AB185 /* Pods */ = {
			isa = PBXGroup;
			children = (
				B53289B6BD21A8BC08034B53 /* Pods-Myntra.debug.xcconfig */,
				1517F352B613152C16FE07C8 /* Pods-Myntra.release.xcconfig */,
			);
			path = Pods;
			sourceTree = "<group>";
		};
		969C56402C1BF69E00C5AFDE /* TablecellPrice */ = {
			isa = PBXGroup;
			children = (
				969C56432C1BF6DB00C5AFDE /* TableViewCell2.swift */,
				969C56442C1BF6DB00C5AFDE /* TableViewCell2.xib */,
			);
			path = TablecellPrice;
			sourceTree = "<group>";
		};
		96BE21C22C194C24007D045D = {
			isa = PBXGroup;
			children = (
				969C56402C1BF69E00C5AFDE /* TablecellPrice */,
				96BE21E22C1953AD007D045D /* tableview */,
				96BE21CD2C194C24007D045D /* Myntra */,
				96BE21CC2C194C24007D045D /* Products */,
				84D3EA31B012E4818C2AB185 /* Pods */,
				B72D32CD9446DC171AAB0889 /* Frameworks */,
			);
			sourceTree = "<group>";
		};
		96BE21CC2C194C24007D045D /* Products */ = {
			isa = PBXGroup;
			children = (
				96BE21CB2C194C24007D045D /* Myntra.app */,
			);
			name = Products;
			sourceTree = "<group>";
		};
		96BE21CD2C194C24007D045D /* Myntra */ = {
			isa = PBXGroup;
			children = (
				96BE21CE2C194C24007D045D /* AppDelegate.swift */,
				96A708452C2938B600520C29 /* DeliveryAddress.swift */,
				96A9CCF42C2D53D3006C3F5E /* OrderconfirmedVC.swift */,
				96BE21D22C194C24007D045D /* BagVC.swift */,
				9688A7442C377FA9002D9F16 /* model.swift */,
				96BE21D02C194C24007D045D /* SceneDelegate.swift */,
				96BE21D42C194C24007D045D /* Delivery.storyboard */,
				96BE21D72C194C26007D045D /* Assets.xcassets */,
				96BE21D92C194C26007D045D /* LaunchScreen.storyboard */,
				96BE21DC2C194C26007D045D /* Info.plist */,
			);
			path = Myntra;
			sourceTree = "<group>";
		};
		96BE21E22C1953AD007D045D /* tableview */ = {
			isa = PBXGroup;
			children = (
				96BE21E32C1953D3007D045D /* TableViewCell.swift */,
				96BE21E42C1953D3007D045D /* TableViewCell.xib */,
			);
			path = tableview;
			sourceTree = "<group>";
		};
		B72D32CD9446DC171AAB0889 /* Frameworks */ = {
			isa = PBXGroup;
			children = (
				8C95DAB0926546CBAE5F57D3 /* Pods_Myntra.framework */,
			);
			name = Frameworks;
			sourceTree = "<group>";
		};
/* End PBXGroup section */

/* Begin PBXNativeTarget section */
		96BE21CA2C194C24007D045D /* Myntra */ = {
			isa = PBXNativeTarget;
			buildConfigurationList = 96BE21DF2C194C26007D045D /* Build configuration list for PBXNativeTarget "Myntra" */;
			buildPhases = (
				150453309513A2E08C9B4D5B /* [CP] Check Pods Manifest.lock */,
				96BE21C72C194C24007D045D /* Sources */,
				96BE21C82C194C24007D045D /* Frameworks */,
				96BE21C92C194C24007D045D /* Resources */,
				6A3B605FF4D69FD2D8ECBC59 /* [CP] Embed Pods Frameworks */,
			);
			buildRules = (
			);
			dependencies = (
			);
			name = Myntra;
			productName = Myntra;
			productReference = 96BE21CB2C194C24007D045D /* Myntra.app */;
			productType = "com.apple.product-type.application";
		};
/* End PBXNativeTarget section */

/* Begin PBXProject section */
		96BE21C32C194C24007D045D /* Project object */ = {
			isa = PBXProject;
			attributes = {
				BuildIndependentTargetsInParallel = 1;
				LastSwiftUpdateCheck = 1540;
				LastUpgradeCheck = 1540;
				TargetAttributes = {
					96BE21CA2C194C24007D045D = {
						CreatedOnToolsVersion = 15.4;
					};
				};
			};
			buildConfigurationList = 96BE21C62C194C24007D045D /* Build configuration list for PBXProject "Myntra" */;
			compatibilityVersion = "Xcode 14.0";
			developmentRegion = en;
			hasScannedForEncodings = 0;
			knownRegions = (
				en,
				Base,
			);
			mainGroup = 96BE21C22C194C24007D045D;
			productRefGroup = 96BE21CC2C194C24007D045D /* Products */;
			projectDirPath = "";
			projectRoot = "";
			targets = (
				96BE21CA2C194C24007D045D /* Myntra */,
			);
		};
/* End PBXProject section */

/* Begin PBXResourcesBuildPhase section */
		96BE21C92C194C24007D045D /* Resources */ = {
			isa = PBXResourcesBuildPhase;
			buildActionMask = 2147483647;
			files = (
				969C56462C1BF6DB00C5AFDE /* TableViewCell2.xib in Resources */,
				96BE21D82C194C26007D045D /* Assets.xcassets in Resources */,
				96BE21E62C1953D3007D045D /* TableViewCell.xib in Resources */,
				96BE21DB2C194C26007D045D /* Base in Resources */,
				96BE21D62C194C24007D045D /* Base in Resources */,
			);
			runOnlyForDeploymentPostprocessing = 0;
		};
/* End PBXResourcesBuildPhase section */

/* Begin PBXShellScriptBuildPhase section */
		150453309513A2E08C9B4D5B /* [CP] Check Pods Manifest.lock */ = {
			isa = PBXShellScriptBuildPhase;
			buildActionMask = 2147483647;
			files = (
			);
			inputFileListPaths = (
			);
			inputPaths = (
				"${PODS_PODFILE_DIR_PATH}/Podfile.lock",
				"${PODS_ROOT}/Manifest.lock",
			);
			name = "[CP] Check Pods Manifest.lock";
			outputFileListPaths = (
			);
			outputPaths = (
				"$(DERIVED_FILE_DIR)/Pods-Myntra-checkManifestLockResult.txt",
			);
			runOnlyForDeploymentPostprocessing = 0;
			shellPath = /bin/sh;
			shellScript = "diff \"${PODS_PODFILE_DIR_PATH}/Podfile.lock\" \"${PODS_ROOT}/Manifest.lock\" > /dev/null\nif [ $? != 0 ] ; then\n    # print error to STDERR\n    echo \"error: The sandbox is not in sync with the Podfile.lock. Run 'pod install' or update your CocoaPods installation.\" >&2\n    exit 1\nfi\n# This output is used by Xcode 'outputs' to avoid re-running this script phase.\necho \"SUCCESS\" > \"${SCRIPT_OUTPUT_FILE_0}\"\n";
			showEnvVarsInLog = 0;
		};
		6A3B605FF4D69FD2D8ECBC59 /* [CP] Embed Pods Frameworks */ = {
			isa = PBXShellScriptBuildPhase;
			buildActionMask = 2147483647;
			files = (
			);
			inputFileListPaths = (
				"${PODS_ROOT}/Target Support Files/Pods-Myntra/Pods-Myntra-frameworks-${CONFIGURATION}-input-files.xcfilelist",
			);
			name = "[CP] Embed Pods Frameworks";
			outputFileListPaths = (
				"${PODS_ROOT}/Target Support Files/Pods-Myntra/Pods-Myntra-frameworks-${CONFIGURATION}-output-files.xcfilelist",
			);
			runOnlyForDeploymentPostprocessing = 0;
			shellPath = /bin/sh;
			shellScript = "\"${PODS_ROOT}/Target Support Files/Pods-Myntra/Pods-Myntra-frameworks.sh\"\n";
			showEnvVarsInLog = 0;
		};
/* End PBXShellScriptBuildPhase section */

/* Begin PBXSourcesBuildPhase section */
		96BE21C72C194C24007D045D /* Sources */ = {
			isa = PBXSourcesBuildPhase;
			buildActionMask = 2147483647;
			files = (
				969C56452C1BF6DB00C5AFDE /* TableViewCell2.swift in Sources */,
				96BE21D32C194C24007D045D /* BagVC.swift in Sources */,
				96BE21E52C1953D3007D045D /* TableViewCell.swift in Sources */,
				96BE21CF2C194C24007D045D /* AppDelegate.swift in Sources */,
				96A9CCF52C2D53D3006C3F5E /* OrderconfirmedVC.swift in Sources */,
				96BE21D12C194C24007D045D /* SceneDelegate.swift in Sources */,
				96A708462C2938B600520C29 /* DeliveryAddress.swift in Sources */,
				9688A7452C377FA9002D9F16 /* model.swift in Sources */,
			);
			runOnlyForDeploymentPostprocessing = 0;
		};
/* End PBXSourcesBuildPhase section */

/* Begin PBXVariantGroup section */
		96BE21D42C194C24007D045D /* Delivery.storyboard */ = {
			isa = PBXVariantGroup;
			children = (
				96BE21D52C194C24007D045D /* Base */,
			);
			name = Delivery.storyboard;
			sourceTree = "<group>";
		};
		96BE21D92C194C26007D045D /* LaunchScreen.storyboard */ = {
			isa = PBXVariantGroup;
			children = (
				96BE21DA2C194C26007D045D /* Base */,
			);
			name = LaunchScreen.storyboard;
			sourceTree = "<group>";
		};
/* End PBXVariantGroup section */

/* Begin XCBuildConfiguration section */
		96BE21DD2C194C26007D045D /* Debug */ = {
			isa = XCBuildConfiguration;
			buildSettings = {
				ALWAYS_SEARCH_USER_PATHS = NO;
				ASSETCATALOG_COMPILER_GENERATE_SWIFT_ASSET_SYMBOL_EXTENSIONS = YES;
				CLANG_ANALYZER_NONNULL = YES;
				CLANG_ANALYZER_NUMBER_OBJECT_CONVERSION = YES_AGGRESSIVE;
				CLANG_CXX_LANGUAGE_STANDARD = "gnu++20";
				CLANG_ENABLE_MODULES = YES;
				CLANG_ENABLE_OBJC_ARC = YES;
				CLANG_ENABLE_OBJC_WEAK = YES;
				CLANG_WARN_BLOCK_CAPTURE_AUTORELEASING = YES;
				CLANG_WARN_BOOL_CONVERSION = YES;
				CLANG_WARN_COMMA = YES;
				CLANG_WARN_CONSTANT_CONVERSION = YES;
				CLANG_WARN_DEPRECATED_OBJC_IMPLEMENTATIONS = YES;
				CLANG_WARN_DIRECT_OBJC_ISA_USAGE = YES_ERROR;
				CLANG_WARN_DOCUMENTATION_COMMENTS = YES;
				CLANG_WARN_EMPTY_BODY = YES;
				CLANG_WARN_ENUM_CONVERSION = YES;
				CLANG_WARN_INFINITE_RECURSION = YES;
				CLANG_WARN_INT_CONVERSION = YES;
				CLANG_WARN_NON_LITERAL_NULL_CONVERSION = YES;
				CLANG_WARN_OBJC_IMPLICIT_RETAIN_SELF = YES;
				CLANG_WARN_OBJC_LITERAL_CONVERSION = YES;
				CLANG_WARN_OBJC_ROOT_CLASS = YES_ERROR;
				CLANG_WARN_QUOTED_INCLUDE_IN_FRAMEWORK_HEADER = YES;
				CLANG_WARN_RANGE_LOOP_ANALYSIS = YES;
				CLANG_WARN_STRICT_PROTOTYPES = YES;
				CLANG_WARN_SUSPICIOUS_MOVE = YES;
				CLANG_WARN_UNGUARDED_AVAILABILITY = YES_AGGRESSIVE;
				CLANG_WARN_UNREACHABLE_CODE = YES;
				CLANG_WARN__DUPLICATE_METHOD_MATCH = YES;
				COPY_PHASE_STRIP = NO;
				DEBUG_INFORMATION_FORMAT = dwarf;
				ENABLE_STRICT_OBJC_MSGSEND = YES;
				ENABLE_TESTABILITY = YES;
				ENABLE_USER_SCRIPT_SANDBOXING = NO;
				GCC_C_LANGUAGE_STANDARD = gnu17;
				GCC_DYNAMIC_NO_PIC = NO;
				GCC_NO_COMMON_BLOCKS = YES;
				GCC_OPTIMIZATION_LEVEL = 0;
				GCC_PREPROCESSOR_DEFINITIONS = (
					"DEBUG=1",
					"$(inherited)",
				);
				GCC_WARN_64_TO_32_BIT_CONVERSION = YES;
				GCC_WARN_ABOUT_RETURN_TYPE = YES_ERROR;
				GCC_WARN_UNDECLARED_SELECTOR = YES;
				GCC_WARN_UNINITIALIZED_AUTOS = YES_AGGRESSIVE;
				GCC_WARN_UNUSED_FUNCTION = YES;
				GCC_WARN_UNUSED_VARIABLE = YES;
				IPHONEOS_DEPLOYMENT_TARGET = 17.5;
				LOCALIZATION_PREFERS_STRING_CATALOGS = YES;
				MTL_ENABLE_DEBUG_INFO = INCLUDE_SOURCE;
				MTL_FAST_MATH = YES;
				ONLY_ACTIVE_ARCH = YES;
				SDKROOT = iphoneos;
				SWIFT_ACTIVE_COMPILATION_CONDITIONS = "DEBUG $(inherited)";
				SWIFT_OPTIMIZATION_LEVEL = "-Onone";
				VALIDATE_PRODUCT = YES;
			};
			name = Debug;
		};
		96BE21DE2C194C26007D045D /* Release */ = {
			isa = XCBuildConfiguration;
			buildSettings = {
				ALWAYS_SEARCH_USER_PATHS = NO;
				ASSETCATALOG_COMPILER_GENERATE_SWIFT_ASSET_SYMBOL_EXTENSIONS = YES;
				CLANG_ANALYZER_NONNULL = YES;
				CLANG_ANALYZER_NUMBER_OBJECT_CONVERSION = YES_AGGRESSIVE;
				CLANG_CXX_LANGUAGE_STANDARD = "gnu++20";
				CLANG_ENABLE_MODULES = YES;
				CLANG_ENABLE_OBJC_ARC = YES;
				CLANG_ENABLE_OBJC_WEAK = YES;
				CLANG_WARN_BLOCK_CAPTURE_AUTORELEASING = YES;
				CLANG_WARN_BOOL_CONVERSION = YES;
				CLANG_WARN_COMMA = YES;
				CLANG_WARN_CONSTANT_CONVERSION = YES;
				CLANG_WARN_DEPRECATED_OBJC_IMPLEMENTATIONS = YES;
				CLANG_WARN_DIRECT_OBJC_ISA_USAGE = YES_ERROR;
				CLANG_WARN_DOCUMENTATION_COMMENTS = YES;
				CLANG_WARN_EMPTY_BODY = YES;
				CLANG_WARN_ENUM_CONVERSION = YES;
				CLANG_WARN_INFINITE_RECURSION = YES;
				CLANG_WARN_INT_CONVERSION = YES;
				CLANG_WARN_NON_LITERAL_NULL_CONVERSION = YES;
				CLANG_WARN_OBJC_IMPLICIT_RETAIN_SELF = YES;
				CLANG_WARN_OBJC_LITERAL_CONVERSION = YES;
				CLANG_WARN_OBJC_ROOT_CLASS = YES_ERROR;
				CLANG_WARN_QUOTED_INCLUDE_IN_FRAMEWORK_HEADER = YES;
				CLANG_WARN_RANGE_LOOP_ANALYSIS = YES;
				CLANG_WARN_STRICT_PROTOTYPES = YES;
				CLANG_WARN_SUSPICIOUS_MOVE = YES;
				CLANG_WARN_UNGUARDED_AVAILABILITY = YES_AGGRESSIVE;
				CLANG_WARN_UNREACHABLE_CODE = YES;
				CLANG_WARN__DUPLICATE_METHOD_MATCH = YES;
				COPY_PHASE_STRIP = NO;
				DEBUG_INFORMATION_FORMAT = "dwarf-with-dsym";
				ENABLE_NS_ASSERTIONS = NO;
				ENABLE_STRICT_OBJC_MSGSEND = YES;
				ENABLE_USER_SCRIPT_SANDBOXING = NO;
				GCC_C_LANGUAGE_STANDARD = gnu17;
				GCC_NO_COMMON_BLOCKS = YES;
				GCC_WARN_64_TO_32_BIT_CONVERSION = YES;
				GCC_WARN_ABOUT_RETURN_TYPE = YES_ERROR;
				GCC_WARN_UNDECLARED_SELECTOR = YES;
				GCC_WARN_UNINITIALIZED_AUTOS = YES_AGGRESSIVE;
				GCC_WARN_UNUSED_FUNCTION = YES;
				GCC_WARN_UNUSED_VARIABLE = YES;
				IPHONEOS_DEPLOYMENT_TARGET = 17.5;
				LOCALIZATION_PREFERS_STRING_CATALOGS = YES;
				MTL_ENABLE_DEBUG_INFO = NO;
				MTL_FAST_MATH = YES;
				SDKROOT = iphoneos;
				SWIFT_COMPILATION_MODE = wholemodule;
				VALIDATE_PRODUCT = YES;
			};
			name = Release;
		};
		96BE21E02C194C26007D045D /* Debug */ = {
			isa = XCBuildConfiguration;
			baseConfigurationReference = B53289B6BD21A8BC08034B53 /* Pods-Myntra.debug.xcconfig */;
			buildSettings = {
				ASSETCATALOG_COMPILER_APPICON_NAME = AppIcon;
				ASSETCATALOG_COMPILER_GLOBAL_ACCENT_COLOR_NAME = AccentColor;
				CODE_SIGN_STYLE = Automatic;
				CURRENT_PROJECT_VERSION = 1;
				GENERATE_INFOPLIST_FILE = YES;
				INFOPLIST_FILE = Myntra/Info.plist;
				INFOPLIST_KEY_UIApplicationSupportsIndirectInputEvents = YES;
				INFOPLIST_KEY_UILaunchStoryboardName = LaunchScreen;
				INFOPLIST_KEY_UIMainStoryboardFile = Delivery;
				INFOPLIST_KEY_UISupportedInterfaceOrientations_iPad = "UIInterfaceOrientationPortrait UIInterfaceOrientationPortraitUpsideDown UIInterfaceOrientationLandscapeLeft UIInterfaceOrientationLandscapeRight";
				INFOPLIST_KEY_UISupportedInterfaceOrientations_iPhone = "UIInterfaceOrientationPortrait UIInterfaceOrientationLandscapeLeft UIInterfaceOrientationLandscapeRight";
				LD_RUNPATH_SEARCH_PATHS = (
					"$(inherited)",
					"@executable_path/Frameworks",
				);
				MARKETING_VERSION = 1.0;
				PRODUCT_BUNDLE_IDENTIFIER = com.myntra.Myntra;
				PRODUCT_NAME = "$(TARGET_NAME)";
				SWIFT_EMIT_LOC_STRINGS = YES;
				SWIFT_VERSION = 5.0;
				TARGETED_DEVICE_FAMILY = "1,2";
			};
			name = Debug;
		};
		96BE21E12C194C26007D045D /* Release */ = {
			isa = XCBuildConfiguration;
			baseConfigurationReference = 1517F352B613152C16FE07C8 /* Pods-Myntra.release.xcconfig */;
			buildSettings = {
				ASSETCATALOG_COMPILER_APPICON_NAME = AppIcon;
				ASSETCATALOG_COMPILER_GLOBAL_ACCENT_COLOR_NAME = AccentColor;
				CODE_SIGN_STYLE = Automatic;
				CURRENT_PROJECT_VERSION = 1;
				GENERATE_INFOPLIST_FILE = YES;
				INFOPLIST_FILE = Myntra/Info.plist;
				INFOPLIST_KEY_UIApplicationSupportsIndirectInputEvents = YES;
				INFOPLIST_KEY_UILaunchStoryboardName = LaunchScreen;
				INFOPLIST_KEY_UIMainStoryboardFile = Delivery;
				INFOPLIST_KEY_UISupportedInterfaceOrientations_iPad = "UIInterfaceOrientationPortrait UIInterfaceOrientationPortraitUpsideDown UIInterfaceOrientationLandscapeLeft UIInterfaceOrientationLandscapeRight";
				INFOPLIST_KEY_UISupportedInterfaceOrientations_iPhone = "UIInterfaceOrientationPortrait UIInterfaceOrientationLandscapeLeft UIInterfaceOrientationLandscapeRight";
				LD_RUNPATH_SEARCH_PATHS = (
					"$(inherited)",
					"@executable_path/Frameworks",
				);
				MARKETING_VERSION = 1.0;
				PRODUCT_BUNDLE_IDENTIFIER = com.myntra.Myntra;
				PRODUCT_NAME = "$(TARGET_NAME)";
				SWIFT_EMIT_LOC_STRINGS = YES;
				SWIFT_VERSION = 5.0;
				TARGETED_DEVICE_FAMILY = "1,2";
			};
			name = Release;
		};
/* End XCBuildConfiguration section */

/* Begin XCConfigurationList section */
		96BE21C62C194C24007D045D /* Build configuration list for PBXProject "Myntra" */ = {
			isa = XCConfigurationList;
			buildConfigurations = (
				96BE21DD2C194C26007D045D /* Debug */,
				96BE21DE2C194C26007D045D /* Release */,
			);
			defaultConfigurationIsVisible = 0;
			defaultConfigurationName = Release;
		};
		96BE21DF2C194C26007D045D /* Build configuration list for PBXNativeTarget "Myntra" */ = {
			isa = XCConfigurationList;
			buildConfigurations = (
				96BE21E02C194C26007D045D /* Debug */,
				96BE21E12C194C26007D045D /* Release */,
			);
			defaultConfigurationIsVisible = 0;
			defaultConfigurationName = Release;
		};
/* End XCConfigurationList section */
	};
	rootObject = 96BE21C32C194C24007D045D /* Project object */;
}
